
Microsoft Visual Studio Solution File, Format Version 12.00
# Visual Studio Version 16
VisualStudioVersion = 16.0.29509.3
MinimumVisualStudioVersion = 10.0.40219.1
Project("{9A19103F-16F7-4668-BE54-9A1E7A4F7556}") = "DllProps.Tool", "DllProps.Tool\DllProps.Tool.csproj", "{1B073EF7-D44C-4CBE-B731-C92A9FB18F3D}"
EndProject
Project("{FAE04EC0-301F-11D3-BF4B-00C04F79EFBC}") = "DllValidator", "DllValidator\DllValidator.csproj", "{0794DBDE-C2C1-43B7-BC87-5E65885F93B2}"
EndProject
Global
	GlobalSection(SolutionConfigurationPlatforms) = preSolution
		Debug|Any CPU = Debug|Any CPU
		Release|Any CPU = Release|Any CPU
	EndGlobalSection
	GlobalSection(ProjectConfigurationPlatforms) = postSolution
		{1B073EF7-D44C-4CBE-B731-C92A9FB18F3D}.Debug|Any CPU.ActiveCfg = Debug|Any CPU
		{1B073EF7-D44C-4CBE-B731-C92A9FB18F3D}.Debug|Any CPU.Build.0 = Debug|Any CPU
		{1B073EF7-D44C-4CBE-B731-C92A9FB18F3D}.Release|Any CPU.ActiveCfg = Release|Any CPU
		{1B073EF7-D44C-4CBE-B731-C92A9FB18F3D}.Release|Any CPU.Build.0 = Release|Any CPU
		{0794DBDE-C2C1-43B7-BC87-5E65885F93B2}.Debug|Any CPU.ActiveCfg = Debug|Any CPU
		{0794DBDE-C2C1-43B7-BC87-5E65885F93B2}.Debug|Any CPU.Build.0 = Debug|Any CPU
		{0794DBDE-C2C1-43B7-BC87-5E65885F93B2}.Release|Any CPU.ActiveCfg = Release|Any CPU
		{0794DBDE-C2C1-43B7-BC87-5E65885F93B2}.Release|Any CPU.Build.0 = Release|Any CPU
	EndGlobalSection
	GlobalSection(SolutionProperties) = preSolution
		HideSolutionNode = FALSE
	EndGlobalSection
	GlobalSection(ExtensibilityGlobals) = postSolution
		SolutionGuid = {06A2AC3C-09C1-4EB5-BACF-AF1224AB1590}
	EndGlobalSection
EndGlobal
